<?xml version="1.0" encoding="UTF-8"?>
<!DOCTYPE plist PUBLIC "-//Apple//DTD PLIST 1.0//EN" "http://www.apple.com/DTDs/PropertyList-1.0.dtd">
<plist version="1.0">
<dict>
	<key>archiveVersion</key>
	<string>1</string>
	<key>classes</key>
	<dict/>
	<key>objectVersion</key>
	<string>46</string>
	<key>objects</key>
	<dict>
		<key>22BE22FF72C64A74B5C1E3F1</key>
		<dict>
			<key>explicitFileType</key>
			<string>archive.ar</string>
			<key>includeInIndex</key>
			<string>0</string>
			<key>isa</key>
			<string>PBXFileReference</string>
			<key>name</key>
			<string>libPods-test.a</string>
			<key>path</key>
			<string>libPods-test.a</string>
			<key>sourceTree</key>
			<string>BUILT_PRODUCTS_DIR</string>
		</dict>
		<key>C7F3D3E6FF364F5680650E8D</key>
		<dict>
			<key>buildActionMask</key>
			<string>2147483647</string>
			<key>files</key>
			<array/>
			<key>inputPaths</key>
			<array/>
			<key>isa</key>
			<string>PBXShellScriptBuildPhase</string>
			<key>name</key>
			<string>Copy Pods Resources</string>
			<key>outputPaths</key>
			<array/>
			<key>runOnlyForDeploymentPostprocessing</key>
			<string>0</string>
			<key>shellPath</key>
			<string>/bin/sh</string>
			<key>shellScript</key>
			<string>"${SRCROOT}/Pods/Pods-test-resources.sh"
</string>
		</dict>
		<key>CE11C46D1630C87F00E19833</key>
		<dict>
			<key>children</key>
			<array>
				<string>CE11C4BE1630CC1000E19833</string>
				<string>CE11C4821630C87F00E19833</string>
				<string>CE11C4A61630C88000E19833</string>
				<string>CE11C47B1630C87F00E19833</string>
				<string>CE11C4791630C87F00E19833</string>
				<string>E054CA93FE9A486F83139178</string>
			</array>
			<key>isa</key>
			<string>PBXGroup</string>
			<key>sourceTree</key>
			<string>&lt;group&gt;</string>
		</dict>
		<key>CE11C46F1630C87F00E19833</key>
		<dict>
			<key>attributes</key>
			<dict>
				<key>CLASSPREFIX</key>
				<string>CC</string>
				<key>LastUpgradeCheck</key>
				<string>0450</string>
				<key>ORGANIZATIONNAME</key>
				<string>Cajun Code</string>
			</dict>
			<key>buildConfigurationList</key>
			<string>CE11C4721630C87F00E19833</string>
			<key>compatibilityVersion</key>
			<string>Xcode 3.2</string>
			<key>developmentRegion</key>
			<string>English</string>
			<key>hasScannedForEncodings</key>
			<string>0</string>
			<key>isa</key>
			<string>PBXProject</string>
			<key>knownRegions</key>
			<array>
				<string>en</string>
			</array>
			<key>mainGroup</key>
			<string>CE11C46D1630C87F00E19833</string>
			<key>productRefGroup</key>
			<string>CE11C4791630C87F00E19833</string>
			<key>projectDirPath</key>
			<string></string>
			<key>projectRoot</key>
			<string></string>
			<key>targets</key>
			<array>
				<string>CE11C4771630C87F00E19833</string>
				<string>CE11C49E1630C88000E19833</string>
			</array>
		</dict>
		<key>CE11C4721630C87F00E19833</key>
		<dict>
			<key>buildConfigurations</key>
			<array>
				<string>CE11C4AF1630C88000E19833</string>
				<string>CE11C4B01630C88000E19833</string>
			</array>
			<key>defaultConfigurationIsVisible</key>
			<string>0</string>
			<key>defaultConfigurationName</key>
			<string>Release</string>
			<key>isa</key>
			<string>XCConfigurationList</string>
		</dict>
		<key>CE11C4741630C87F00E19833</key>
		<dict>
			<key>buildActionMask</key>
			<string>2147483647</string>
			<key>files</key>
			<array>
				<string>CE11C4891630C87F00E19833</string>
				<string>CE11C48D1630C87F00E19833</string>
				<string>CE11C4991630C88000E19833</string>
				<string>CE11C4DE1630D04400E19833</string>
			</array>
			<key>isa</key>
			<string>PBXSourcesBuildPhase</string>
			<key>runOnlyForDeploymentPostprocessing</key>
			<string>0</string>
		</dict>
		<key>CE11C4751630C87F00E19833</key>
		<dict>
			<key>buildActionMask</key>
			<string>2147483647</string>
			<key>files</key>
			<array>
				<string>CE11C47D1630C87F00E19833</string>
				<string>CE11C47F1630C87F00E19833</string>
				<string>CE11C4811630C87F00E19833</string>
			</array>
			<key>isa</key>
			<string>PBXFrameworksBuildPhase</string>
			<key>runOnlyForDeploymentPostprocessing</key>
			<string>0</string>
		</dict>
		<key>CE11C4761630C87F00E19833</key>
		<dict>
			<key>buildActionMask</key>
			<string>2147483647</string>
			<key>files</key>
			<array>
				<string>CE11C4871630C87F00E19833</string>
				<string>CE11C48F1630C87F00E19833</string>
				<string>CE11C4911630C88000E19833</string>
				<string>CE11C4931630C88000E19833</string>
				<string>CE11C4961630C88000E19833</string>
				<string>CE11C4CD1630CC1000E19833</string>
				<string>CE11C4CE1630CC1000E19833</string>
				<string>CE11C4CF1630CC1000E19833</string>
				<string>CE11C4D01630CC1000E19833</string>
				<string>CE11C4D11630CC1000E19833</string>
				<string>CE11C4D21630CC1000E19833</string>
				<string>CE11C4D31630CC1000E19833</string>
				<string>CE11C4D41630CC1000E19833</string>
				<string>CE11C4D51630CC1000E19833</string>
				<string>CE11C4D61630CC1000E19833</string>
				<string>CE11C4D71630CC1000E19833</string>
				<string>CE11C4D81630CC1000E19833</string>
				<string>CE11C4D91630CC1000E19833</string>
				<string>CE11C4DA1630CC1000E19833</string>
			</array>
			<key>isa</key>
			<string>PBXResourcesBuildPhase</string>
			<key>runOnlyForDeploymentPostprocessing</key>
			<string>0</string>
		</dict>
		<key>CE11C4771630C87F00E19833</key>
		<dict>
			<key>buildConfigurationList</key>
			<string>CE11C4B11630C88000E19833</string>
			<key>buildPhases</key>
			<array>
				<string>CE11C4741630C87F00E19833</string>
				<string>CE11C4751630C87F00E19833</string>
				<string>CE11C4761630C87F00E19833</string>
			</array>
			<key>buildRules</key>
			<array/>
			<key>dependencies</key>
			<array/>
			<key>isa</key>
			<string>PBXNativeTarget</string>
			<key>name</key>
			<string>TrackerPoker</string>
			<key>productName</key>
			<string>TrackerPoker</string>
			<key>productReference</key>
			<string>CE11C4781630C87F00E19833</string>
			<key>productType</key>
			<string>com.apple.product-type.application</string>
		</dict>
		<key>CE11C4781630C87F00E19833</key>
		<dict>
			<key>explicitFileType</key>
			<string>wrapper.application</string>
			<key>includeInIndex</key>
			<string>0</string>
			<key>isa</key>
			<string>PBXFileReference</string>
			<key>name</key>
			<string>TrackerPoker.app</string>
			<key>path</key>
			<string>TrackerPoker.app</string>
			<key>sourceTree</key>
			<string>BUILT_PRODUCTS_DIR</string>
		</dict>
		<key>CE11C4791630C87F00E19833</key>
		<dict>
			<key>children</key>
			<array>
				<string>CE11C4781630C87F00E19833</string>
				<string>CE11C49F1630C88000E19833</string>
			</array>
			<key>isa</key>
			<string>PBXGroup</string>
			<key>name</key>
			<string>Products</string>
			<key>sourceTree</key>
			<string>&lt;group&gt;</string>
		</dict>
		<key>CE11C47B1630C87F00E19833</key>
		<dict>
			<key>children</key>
			<array>
				<string>CE11C47C1630C87F00E19833</string>
				<string>CE11C47E1630C87F00E19833</string>
				<string>CE11C4801630C87F00E19833</string>
				<string>CE11C4A01630C88000E19833</string>
				<string>22BE22FF72C64A74B5C1E3F1</string>
			</array>
			<key>isa</key>
			<string>PBXGroup</string>
			<key>name</key>
			<string>Frameworks</string>
			<key>sourceTree</key>
			<string>&lt;group&gt;</string>
		</dict>
		<key>CE11C47C1630C87F00E19833</key>
		<dict>
			<key>includeInIndex</key>
			<string>1</string>
			<key>isa</key>
			<string>PBXFileReference</string>
			<key>lastKnownFileType</key>
			<string>wrapper.framework</string>
			<key>name</key>
			<string>UIKit.framework</string>
			<key>path</key>
			<string>System/Library/Frameworks/UIKit.framework</string>
			<key>sourceTree</key>
			<string>SDKROOT</string>
		</dict>
		<key>CE11C47D1630C87F00E19833</key>
		<dict>
			<key>fileRef</key>
			<string>CE11C47C1630C87F00E19833</string>
			<key>isa</key>
			<string>PBXBuildFile</string>
		</dict>
		<key>CE11C47E1630C87F00E19833</key>
		<dict>
			<key>includeInIndex</key>
			<string>1</string>
			<key>isa</key>
			<string>PBXFileReference</string>
			<key>lastKnownFileType</key>
			<string>wrapper.framework</string>
			<key>name</key>
			<string>Foundation.framework</string>
			<key>path</key>
			<string>System/Library/Frameworks/Foundation.framework</string>
			<key>sourceTree</key>
			<string>SDKROOT</string>
		</dict>
		<key>CE11C47F1630C87F00E19833</key>
		<dict>
			<key>fileRef</key>
			<string>CE11C47E1630C87F00E19833</string>
			<key>isa</key>
			<string>PBXBuildFile</string>
		</dict>
		<key>CE11C4801630C87F00E19833</key>
		<dict>
			<key>isa</key>
			<string>PBXFileReference</string>
			<key>lastKnownFileType</key>
			<string>wrapper.framework</string>
			<key>name</key>
			<string>CoreGraphics.framework</string>
			<key>path</key>
			<string>System/Library/Frameworks/CoreGraphics.framework</string>
			<key>sourceTree</key>
			<string>SDKROOT</string>
		</dict>
		<key>CE11C4811630C87F00E19833</key>
		<dict>
			<key>fileRef</key>
			<string>CE11C4801630C87F00E19833</string>
			<key>isa</key>
			<string>PBXBuildFile</string>
		</dict>
		<key>CE11C4821630C87F00E19833</key>
		<dict>
			<key>children</key>
			<array>
				<string>CE11C48B1630C87F00E19833</string>
				<string>CE11C48C1630C87F00E19833</string>
				<string>CE11C4941630C88000E19833</string>
				<string>CE11C4971630C88000E19833</string>
				<string>CE11C4981630C88000E19833</string>
				<string>CE11C4831630C87F00E19833</string>
				<string>CE11C4DC1630D04400E19833</string>
				<string>CE11C4DD1630D04400E19833</string>
			</array>
			<key>isa</key>
			<string>PBXGroup</string>
			<key>path</key>
			<string>TrackerPoker</string>
			<key>sourceTree</key>
			<string>&lt;group&gt;</string>
		</dict>
		<key>CE11C4831630C87F00E19833</key>
		<dict>
			<key>children</key>
			<array>
				<string>CE11C4841630C87F00E19833</string>
				<string>CE11C4851630C87F00E19833</string>
				<string>CE11C4881630C87F00E19833</string>
				<string>CE11C48A1630C87F00E19833</string>
				<string>CE11C48E1630C87F00E19833</string>
				<string>CE11C4901630C88000E19833</string>
				<string>CE11C4921630C88000E19833</string>
			</array>
			<key>isa</key>
			<string>PBXGroup</string>
			<key>name</key>
			<string>Supporting Files</string>
			<key>sourceTree</key>
			<string>&lt;group&gt;</string>
		</dict>
		<key>CE11C4841630C87F00E19833</key>
		<dict>
			<key>isa</key>
			<string>PBXFileReference</string>
			<key>lastKnownFileType</key>
			<string>text.plist.xml</string>
			<key>path</key>
			<string>TrackerPoker-Info.plist</string>
			<key>sourceTree</key>
			<string>&lt;group&gt;</string>
		</dict>
		<key>CE11C4851630C87F00E19833</key>
		<dict>
			<key>children</key>
			<array>
				<string>CE11C4861630C87F00E19833</string>
			</array>
			<key>isa</key>
			<string>PBXVariantGroup</string>
			<key>name</key>
			<string>InfoPlist.strings</string>
			<key>sourceTree</key>
			<string>&lt;group&gt;</string>
		</dict>
		<key>CE11C4861630C87F00E19833</key>
		<dict>
			<key>isa</key>
			<string>PBXFileReference</string>
			<key>lastKnownFileType</key>
			<string>text.plist.strings</string>
			<key>name</key>
			<string>en</string>
			<key>path</key>
			<string>en.lproj/InfoPlist.strings</string>
			<key>sourceTree</key>
			<string>&lt;group&gt;</string>
		</dict>
		<key>CE11C4871630C87F00E19833</key>
		<dict>
			<key>fileRef</key>
			<string>CE11C4851630C87F00E19833</string>
			<key>isa</key>
			<string>PBXBuildFile</string>
		</dict>
		<key>CE11C4881630C87F00E19833</key>
		<dict>
			<key>isa</key>
			<string>PBXFileReference</string>
			<key>lastKnownFileType</key>
			<string>sourcecode.c.objc</string>
			<key>path</key>
			<string>main.m</string>
			<key>sourceTree</key>
			<string>&lt;group&gt;</string>
		</dict>
		<key>CE11C4891630C87F00E19833</key>
		<dict>
			<key>fileRef</key>
			<string>CE11C4881630C87F00E19833</string>
			<key>isa</key>
			<string>PBXBuildFile</string>
		</dict>
		<key>CE11C48A1630C87F00E19833</key>
		<dict>
			<key>isa</key>
			<string>PBXFileReference</string>
			<key>lastKnownFileType</key>
			<string>sourcecode.c.h</string>
			<key>path</key>
			<string>TrackerPoker-Prefix.pch</string>
			<key>sourceTree</key>
			<string>&lt;group&gt;</string>
		</dict>
		<key>CE11C48B1630C87F00E19833</key>
		<dict>
			<key>isa</key>
			<string>PBXFileReference</string>
			<key>lastKnownFileType</key>
			<string>sourcecode.c.h</string>
			<key>path</key>
			<string>CCAppDelegate.h</string>
			<key>sourceTree</key>
			<string>&lt;group&gt;</string>
		</dict>
		<key>CE11C48C1630C87F00E19833</key>
		<dict>
			<key>isa</key>
			<string>PBXFileReference</string>
			<key>lastKnownFileType</key>
			<string>sourcecode.c.objc</string>
			<key>path</key>
			<string>CCAppDelegate.m</string>
			<key>sourceTree</key>
			<string>&lt;group&gt;</string>
		</dict>
		<key>CE11C48D1630C87F00E19833</key>
		<dict>
			<key>fileRef</key>
			<string>CE11C48C1630C87F00E19833</string>
			<key>isa</key>
			<string>PBXBuildFile</string>
		</dict>
		<key>CE11C48E1630C87F00E19833</key>
		<dict>
			<key>isa</key>
			<string>PBXFileReference</string>
			<key>lastKnownFileType</key>
			<string>image.png</string>
			<key>path</key>
			<string>Default.png</string>
			<key>sourceTree</key>
			<string>&lt;group&gt;</string>
		</dict>
		<key>CE11C48F1630C87F00E19833</key>
		<dict>
			<key>fileRef</key>
			<string>CE11C48E1630C87F00E19833</string>
			<key>isa</key>
			<string>PBXBuildFile</string>
		</dict>
		<key>CE11C4901630C88000E19833</key>
		<dict>
			<key>isa</key>
			<string>PBXFileReference</string>
			<key>lastKnownFileType</key>
			<string>image.png</string>
			<key>path</key>
			<string>Default@2x.png</string>
			<key>sourceTree</key>
			<string>&lt;group&gt;</string>
		</dict>
		<key>CE11C4911630C88000E19833</key>
		<dict>
			<key>fileRef</key>
			<string>CE11C4901630C88000E19833</string>
			<key>isa</key>
			<string>PBXBuildFile</string>
		</dict>
		<key>CE11C4921630C88000E19833</key>
		<dict>
			<key>isa</key>
			<string>PBXFileReference</string>
			<key>lastKnownFileType</key>
			<string>image.png</string>
			<key>path</key>
			<string>Default-568h@2x.png</string>
			<key>sourceTree</key>
			<string>&lt;group&gt;</string>
		</dict>
		<key>CE11C4931630C88000E19833</key>
		<dict>
			<key>fileRef</key>
			<string>CE11C4921630C88000E19833</string>
			<key>isa</key>
			<string>PBXBuildFile</string>
		</dict>
		<key>CE11C4941630C88000E19833</key>
		<dict>
			<key>children</key>
			<array>
				<string>CE11C4951630C88000E19833</string>
			</array>
			<key>isa</key>
			<string>PBXVariantGroup</string>
			<key>name</key>
			<string>MainStoryboard.storyboard</string>
			<key>sourceTree</key>
			<string>&lt;group&gt;</string>
		</dict>
		<key>CE11C4951630C88000E19833</key>
		<dict>
			<key>isa</key>
			<string>PBXFileReference</string>
			<key>lastKnownFileType</key>
			<string>file.storyboard</string>
			<key>name</key>
			<string>en</string>
			<key>path</key>
			<string>en.lproj/MainStoryboard.storyboard</string>
			<key>sourceTree</key>
			<string>&lt;group&gt;</string>
		</dict>
		<key>CE11C4961630C88000E19833</key>
		<dict>
			<key>fileRef</key>
			<string>CE11C4941630C88000E19833</string>
			<key>isa</key>
			<string>PBXBuildFile</string>
		</dict>
		<key>CE11C4971630C88000E19833</key>
		<dict>
			<key>isa</key>
			<string>PBXFileReference</string>
			<key>lastKnownFileType</key>
			<string>sourcecode.c.h</string>
			<key>path</key>
			<string>CCViewController.h</string>
			<key>sourceTree</key>
			<string>&lt;group&gt;</string>
		</dict>
		<key>CE11C4981630C88000E19833</key>
		<dict>
			<key>isa</key>
			<string>PBXFileReference</string>
			<key>lastKnownFileType</key>
			<string>sourcecode.c.objc</string>
			<key>path</key>
			<string>CCViewController.m</string>
			<key>sourceTree</key>
			<string>&lt;group&gt;</string>
		</dict>
		<key>CE11C4991630C88000E19833</key>
		<dict>
			<key>fileRef</key>
			<string>CE11C4981630C88000E19833</string>
			<key>isa</key>
			<string>PBXBuildFile</string>
		</dict>
		<key>CE11C49A1630C88000E19833</key>
		<dict>
			<key>buildActionMask</key>
			<string>2147483647</string>
			<key>files</key>
			<array>
				<string>CE11C4DF1630D04400E19833</string>
				<string>CE11C4E11630D10500E19833</string>
			</array>
			<key>isa</key>
			<string>PBXSourcesBuildPhase</string>
			<key>runOnlyForDeploymentPostprocessing</key>
			<string>0</string>
		</dict>
		<key>CE11C49B1630C88000E19833</key>
		<dict>
			<key>buildActionMask</key>
			<string>2147483647</string>
			<key>files</key>
			<array>
				<string>CE11C4A11630C88000E19833</string>
				<string>CE11C4A21630C88000E19833</string>
				<string>CE11C4A31630C88000E19833</string>
				<string>FE58B806C2244DF1ADEC5F0E</string>
			</array>
			<key>isa</key>
			<string>PBXFrameworksBuildPhase</string>
			<key>runOnlyForDeploymentPostprocessing</key>
			<string>0</string>
		</dict>
		<key>CE11C49C1630C88000E19833</key>
		<dict>
			<key>buildActionMask</key>
			<string>2147483647</string>
			<key>files</key>
			<array>
				<string>CE11C4AB1630C88000E19833</string>
			</array>
			<key>isa</key>
			<string>PBXResourcesBuildPhase</string>
			<key>runOnlyForDeploymentPostprocessing</key>
			<string>0</string>
		</dict>
		<key>CE11C49D1630C88000E19833</key>
		<dict>
			<key>buildActionMask</key>
			<string>2147483647</string>
			<key>files</key>
			<array/>
			<key>inputPaths</key>
			<array/>
			<key>isa</key>
			<string>PBXShellScriptBuildPhase</string>
			<key>outputPaths</key>
			<array/>
			<key>runOnlyForDeploymentPostprocessing</key>
			<string>0</string>
			<key>shellPath</key>
			<string>/bin/sh</string>
			<key>shellScript</key>
			<string># Run the unit tests in this test bundle.
"${SYSTEM_DEVELOPER_DIR}/Tools/RunUnitTests"
</string>
		</dict>
		<key>CE11C49E1630C88000E19833</key>
		<dict>
			<key>buildConfigurationList</key>
			<string>CE11C4B41630C88000E19833</string>
			<key>buildPhases</key>
			<array>
				<string>CE11C49A1630C88000E19833</string>
				<string>CE11C49B1630C88000E19833</string>
				<string>CE11C49C1630C88000E19833</string>
				<string>CE11C49D1630C88000E19833</string>
				<string>C7F3D3E6FF364F5680650E8D</string>
			</array>
			<key>buildRules</key>
			<array/>
			<key>dependencies</key>
			<array>
				<string>CE11C4A51630C88000E19833</string>
			</array>
			<key>isa</key>
			<string>PBXNativeTarget</string>
			<key>name</key>
			<string>TrackerPokerTests</string>
			<key>productName</key>
			<string>TrackerPokerTests</string>
			<key>productReference</key>
			<string>CE11C49F1630C88000E19833</string>
			<key>productType</key>
			<string>com.apple.product-type.bundle</string>
		</dict>
		<key>CE11C49F1630C88000E19833</key>
		<dict>
			<key>explicitFileType</key>
			<string>wrapper.cfbundle</string>
			<key>includeInIndex</key>
			<string>0</string>
			<key>isa</key>
			<string>PBXFileReference</string>
			<key>name</key>
			<string>TrackerPokerTests.octest</string>
			<key>path</key>
			<string>TrackerPokerTests.octest</string>
			<key>sourceTree</key>
			<string>BUILT_PRODUCTS_DIR</string>
		</dict>
		<key>CE11C4A01630C88000E19833</key>
		<dict>
			<key>includeInIndex</key>
			<string>1</string>
			<key>isa</key>
			<string>PBXFileReference</string>
			<key>lastKnownFileType</key>
			<string>wrapper.framework</string>
			<key>name</key>
			<string>SenTestingKit.framework</string>
			<key>path</key>
			<string>Library/Frameworks/SenTestingKit.framework</string>
			<key>sourceTree</key>
			<string>DEVELOPER_DIR</string>
		</dict>
		<key>CE11C4A11630C88000E19833</key>
		<dict>
			<key>fileRef</key>
			<string>CE11C4A01630C88000E19833</string>
			<key>isa</key>
			<string>PBXBuildFile</string>
		</dict>
		<key>CE11C4A21630C88000E19833</key>
		<dict>
			<key>fileRef</key>
			<string>CE11C47C1630C87F00E19833</string>
			<key>isa</key>
			<string>PBXBuildFile</string>
		</dict>
		<key>CE11C4A31630C88000E19833</key>
		<dict>
			<key>fileRef</key>
			<string>CE11C47E1630C87F00E19833</string>
			<key>isa</key>
			<string>PBXBuildFile</string>
		</dict>
		<key>CE11C4A41630C88000E19833</key>
		<dict>
			<key>containerPortal</key>
			<string>CE11C46F1630C87F00E19833</string>
			<key>isa</key>
			<string>PBXContainerItemProxy</string>
			<key>proxyType</key>
			<string>1</string>
			<key>remoteGlobalIDString</key>
			<string>CE11C4771630C87F00E19833</string>
			<key>remoteInfo</key>
			<string>TrackerPoker</string>
		</dict>
		<key>CE11C4A51630C88000E19833</key>
		<dict>
			<key>isa</key>
			<string>PBXTargetDependency</string>
			<key>target</key>
			<string>CE11C4771630C87F00E19833</string>
			<key>targetProxy</key>
			<string>CE11C4A41630C88000E19833</string>
		</dict>
		<key>CE11C4A61630C88000E19833</key>
		<dict>
			<key>children</key>
			<array>
				<string>CE11C4A71630C88000E19833</string>
				<string>CE11C4E01630D10500E19833</string>
			</array>
			<key>isa</key>
			<string>PBXGroup</string>
			<key>path</key>
			<string>TrackerPokerTests</string>
			<key>sourceTree</key>
			<string>&lt;group&gt;</string>
		</dict>
		<key>CE11C4A71630C88000E19833</key>
		<dict>
			<key>children</key>
			<array>
				<string>CE11C4A81630C88000E19833</string>
				<string>CE11C4A91630C88000E19833</string>
			</array>
			<key>isa</key>
			<string>PBXGroup</string>
			<key>name</key>
			<string>Supporting Files</string>
			<key>sourceTree</key>
			<string>&lt;group&gt;</string>
		</dict>
		<key>CE11C4A81630C88000E19833</key>
		<dict>
			<key>isa</key>
			<string>PBXFileReference</string>
			<key>lastKnownFileType</key>
			<string>text.plist.xml</string>
			<key>path</key>
			<string>TrackerPokerTests-Info.plist</string>
			<key>sourceTree</key>
			<string>&lt;group&gt;</string>
		</dict>
		<key>CE11C4A91630C88000E19833</key>
		<dict>
			<key>children</key>
			<array>
				<string>CE11C4AA1630C88000E19833</string>
			</array>
			<key>isa</key>
			<string>PBXVariantGroup</string>
			<key>name</key>
			<string>InfoPlist.strings</string>
			<key>sourceTree</key>
			<string>&lt;group&gt;</string>
		</dict>
		<key>CE11C4AA1630C88000E19833</key>
		<dict>
			<key>isa</key>
			<string>PBXFileReference</string>
			<key>lastKnownFileType</key>
			<string>text.plist.strings</string>
			<key>name</key>
			<string>en</string>
			<key>path</key>
			<string>en.lproj/InfoPlist.strings</string>
			<key>sourceTree</key>
			<string>&lt;group&gt;</string>
		</dict>
		<key>CE11C4AB1630C88000E19833</key>
		<dict>
			<key>fileRef</key>
			<string>CE11C4A91630C88000E19833</string>
			<key>isa</key>
			<string>PBXBuildFile</string>
		</dict>
		<key>CE11C4AF1630C88000E19833</key>
		<dict>
			<key>buildSettings</key>
			<dict>
				<key>ALWAYS_SEARCH_USER_PATHS</key>
				<string>NO</string>
				<key>CLANG_CXX_LANGUAGE_STANDARD</key>
				<string>gnu++0x</string>
				<key>CLANG_CXX_LIBRARY</key>
				<string>libc++</string>
				<key>CLANG_ENABLE_OBJC_ARC</key>
				<string>YES</string>
				<key>CLANG_WARN_EMPTY_BODY</key>
				<string>YES</string>
				<key>CLANG_WARN__DUPLICATE_METHOD_MATCH</key>
				<string>YES</string>
				<key>CODE_SIGN_IDENTITY[sdk=iphoneos*]</key>
				<string>iPhone Developer</string>
				<key>COPY_PHASE_STRIP</key>
				<string>NO</string>
				<key>GCC_C_LANGUAGE_STANDARD</key>
				<string>gnu99</string>
				<key>GCC_DYNAMIC_NO_PIC</key>
				<string>NO</string>
				<key>GCC_OPTIMIZATION_LEVEL</key>
				<string>0</string>
				<key>GCC_PREPROCESSOR_DEFINITIONS</key>
				<array>
					<string>DEBUG=1</string>
					<string>$(inherited)</string>
				</array>
				<key>GCC_SYMBOLS_PRIVATE_EXTERN</key>
				<string>NO</string>
				<key>GCC_WARN_ABOUT_RETURN_TYPE</key>
				<string>YES</string>
				<key>GCC_WARN_UNINITIALIZED_AUTOS</key>
				<string>YES</string>
				<key>GCC_WARN_UNUSED_VARIABLE</key>
				<string>YES</string>
				<key>IPHONEOS_DEPLOYMENT_TARGET</key>
				<string>6.0</string>
				<key>SDKROOT</key>
				<string>iphoneos</string>
			</dict>
			<key>isa</key>
			<string>XCBuildConfiguration</string>
			<key>name</key>
			<string>Debug</string>
		</dict>
		<key>CE11C4B01630C88000E19833</key>
		<dict>
			<key>buildSettings</key>
			<dict>
				<key>ALWAYS_SEARCH_USER_PATHS</key>
				<string>NO</string>
				<key>CLANG_CXX_LANGUAGE_STANDARD</key>
				<string>gnu++0x</string>
				<key>CLANG_CXX_LIBRARY</key>
				<string>libc++</string>
				<key>CLANG_ENABLE_OBJC_ARC</key>
				<string>YES</string>
				<key>CLANG_WARN_EMPTY_BODY</key>
				<string>YES</string>
				<key>CLANG_WARN__DUPLICATE_METHOD_MATCH</key>
				<string>YES</string>
				<key>CODE_SIGN_IDENTITY[sdk=iphoneos*]</key>
				<string>iPhone Developer</string>
				<key>COPY_PHASE_STRIP</key>
				<string>YES</string>
				<key>GCC_C_LANGUAGE_STANDARD</key>
				<string>gnu99</string>
				<key>GCC_WARN_ABOUT_RETURN_TYPE</key>
				<string>YES</string>
				<key>GCC_WARN_UNINITIALIZED_AUTOS</key>
				<string>YES</string>
				<key>GCC_WARN_UNUSED_VARIABLE</key>
				<string>YES</string>
				<key>IPHONEOS_DEPLOYMENT_TARGET</key>
				<string>6.0</string>
				<key>OTHER_CFLAGS</key>
				<string>-DNS_BLOCK_ASSERTIONS=1</string>
				<key>SDKROOT</key>
				<string>iphoneos</string>
				<key>VALIDATE_PRODUCT</key>
				<string>YES</string>
			</dict>
			<key>isa</key>
			<string>XCBuildConfiguration</string>
			<key>name</key>
			<string>Release</string>
		</dict>
		<key>CE11C4B11630C88000E19833</key>
		<dict>
			<key>buildConfigurations</key>
			<array>
				<string>CE11C4B21630C88000E19833</string>
				<string>CE11C4B31630C88000E19833</string>
			</array>
			<key>defaultConfigurationIsVisible</key>
			<string>0</string>
			<key>defaultConfigurationName</key>
			<string>Release</string>
			<key>isa</key>
			<string>XCConfigurationList</string>
		</dict>
		<key>CE11C4B21630C88000E19833</key>
		<dict>
			<key>buildSettings</key>
			<dict>
				<key>GCC_PRECOMPILE_PREFIX_HEADER</key>
				<string>YES</string>
				<key>GCC_PREFIX_HEADER</key>
				<string>TrackerPoker/TrackerPoker-Prefix.pch</string>
				<key>INFOPLIST_FILE</key>
				<string>TrackerPoker/TrackerPoker-Info.plist</string>
				<key>PRODUCT_NAME</key>
				<string>$(TARGET_NAME)</string>
				<key>WRAPPER_EXTENSION</key>
				<string>app</string>
			</dict>
			<key>isa</key>
			<string>XCBuildConfiguration</string>
			<key>name</key>
			<string>Debug</string>
		</dict>
		<key>CE11C4B31630C88000E19833</key>
		<dict>
			<key>buildSettings</key>
			<dict>
				<key>GCC_PRECOMPILE_PREFIX_HEADER</key>
				<string>YES</string>
				<key>GCC_PREFIX_HEADER</key>
				<string>TrackerPoker/TrackerPoker-Prefix.pch</string>
				<key>INFOPLIST_FILE</key>
				<string>TrackerPoker/TrackerPoker-Info.plist</string>
				<key>PRODUCT_NAME</key>
				<string>$(TARGET_NAME)</string>
				<key>WRAPPER_EXTENSION</key>
				<string>app</string>
			</dict>
			<key>isa</key>
			<string>XCBuildConfiguration</string>
			<key>name</key>
			<string>Release</string>
		</dict>
		<key>CE11C4B41630C88000E19833</key>
		<dict>
			<key>buildConfigurations</key>
			<array>
				<string>CE11C4B51630C88000E19833</string>
				<string>CE11C4B61630C88000E19833</string>
			</array>
			<key>defaultConfigurationIsVisible</key>
			<string>0</string>
			<key>defaultConfigurationName</key>
			<string>Release</string>
			<key>isa</key>
			<string>XCConfigurationList</string>
		</dict>
		<key>CE11C4B51630C88000E19833</key>
		<dict>
			<key>baseConfigurationReference</key>
			<string>E054CA93FE9A486F83139178</string>
			<key>buildSettings</key>
			<dict>
				<key>BUNDLE_LOADER</key>
				<string>$(BUILT_PRODUCTS_DIR)/TrackerPoker.app/TrackerPoker</string>
				<key>FRAMEWORK_SEARCH_PATHS</key>
				<array>
					<string>$(inherited)</string>
					<string>"$(SDKROOT)/Developer/Library/Frameworks"</string>
					<string>"$(DEVELOPER_LIBRARY_DIR)/Frameworks"</string>
				</array>
				<key>GCC_PRECOMPILE_PREFIX_HEADER</key>
				<string>YES</string>
				<key>GCC_PREFIX_HEADER</key>
				<string>TrackerPoker/TrackerPoker-Prefix.pch</string>
				<key>INFOPLIST_FILE</key>
				<string>TrackerPokerTests/TrackerPokerTests-Info.plist</string>
				<key>PRODUCT_NAME</key>
				<string>$(TARGET_NAME)</string>
				<key>TEST_HOST</key>
				<string>$(BUNDLE_LOADER)</string>
				<key>WRAPPER_EXTENSION</key>
				<string>octest</string>
			</dict>
			<key>isa</key>
			<string>XCBuildConfiguration</string>
			<key>name</key>
			<string>Debug</string>
		</dict>
		<key>CE11C4B61630C88000E19833</key>
		<dict>
			<key>baseConfigurationReference</key>
			<string>E054CA93FE9A486F83139178</string>
			<key>buildSettings</key>
			<dict>
				<key>BUNDLE_LOADER</key>
				<string>$(BUILT_PRODUCTS_DIR)/TrackerPoker.app/TrackerPoker</string>
				<key>FRAMEWORK_SEARCH_PATHS</key>
				<array>
					<string>$(inherited)</string>
					<string>"$(SDKROOT)/Developer/Library/Frameworks"</string>
					<string>"$(DEVELOPER_LIBRARY_DIR)/Frameworks"</string>
				</array>
				<key>GCC_PRECOMPILE_PREFIX_HEADER</key>
				<string>YES</string>
				<key>GCC_PREFIX_HEADER</key>
				<string>TrackerPoker/TrackerPoker-Prefix.pch</string>
				<key>INFOPLIST_FILE</key>
				<string>TrackerPokerTests/TrackerPokerTests-Info.plist</string>
				<key>PRODUCT_NAME</key>
				<string>$(TARGET_NAME)</string>
				<key>TEST_HOST</key>
				<string>$(BUNDLE_LOADER)</string>
				<key>WRAPPER_EXTENSION</key>
				<string>octest</string>
			</dict>
			<key>isa</key>
			<string>XCBuildConfiguration</string>
			<key>name</key>
			<string>Release</string>
		</dict>
		<key>CE11C4BE1630CC1000E19833</key>
		<dict>
			<key>children</key>
			<array>
				<string>CE11C4BF1630CC1000E19833</string>
				<string>CE11C4C01630CC1000E19833</string>
				<string>CE11C4C11630CC1000E19833</string>
				<string>CE11C4C21630CC1000E19833</string>
				<string>CE11C4C31630CC1000E19833</string>
				<string>CE11C4C41630CC1000E19833</string>
				<string>CE11C4C51630CC1000E19833</string>
				<string>CE11C4C61630CC1000E19833</string>
				<string>CE11C4C71630CC1000E19833</string>
				<string>CE11C4C81630CC1000E19833</string>
				<string>CE11C4C91630CC1000E19833</string>
				<string>CE11C4CA1630CC1000E19833</string>
				<string>CE11C4CB1630CC1000E19833</string>
				<string>CE11C4CC1630CC1000E19833</string>
			</array>
			<key>isa</key>
			<string>PBXGroup</string>
			<key>path</key>
			<string>Resources</string>
			<key>sourceTree</key>
			<string>&lt;group&gt;</string>
		</dict>
		<key>CE11C4BF1630CC1000E19833</key>
		<dict>
			<key>isa</key>
			<string>PBXFileReference</string>
			<key>lastKnownFileType</key>
			<string>image.png</string>
			<key>path</key>
			<string>0.png</string>
			<key>sourceTree</key>
			<string>&lt;group&gt;</string>
		</dict>
		<key>CE11C4C01630CC1000E19833</key>
		<dict>
			<key>isa</key>
			<string>PBXFileReference</string>
			<key>lastKnownFileType</key>
			<string>image.png</string>
			<key>path</key>
			<string>1.png</string>
			<key>sourceTree</key>
			<string>&lt;group&gt;</string>
		</dict>
		<key>CE11C4C11630CC1000E19833</key>
		<dict>
			<key>isa</key>
			<string>PBXFileReference</string>
			<key>lastKnownFileType</key>
			<string>image.png</string>
			<key>path</key>
			<string>100.png</string>
			<key>sourceTree</key>
			<string>&lt;group&gt;</string>
		</dict>
		<key>CE11C4C21630CC1000E19833</key>
		<dict>
			<key>isa</key>
			<string>PBXFileReference</string>
			<key>lastKnownFileType</key>
			<string>image.png</string>
			<key>path</key>
			<string>13.png</string>
			<key>sourceTree</key>
			<string>&lt;group&gt;</string>
		</dict>
		<key>CE11C4C31630CC1000E19833</key>
		<dict>
			<key>isa</key>
			<string>PBXFileReference</string>
			<key>lastKnownFileType</key>
			<string>image.png</string>
			<key>path</key>
			<string>2.png</string>
			<key>sourceTree</key>
			<string>&lt;group&gt;</string>
		</dict>
		<key>CE11C4C41630CC1000E19833</key>
		<dict>
			<key>isa</key>
			<string>PBXFileReference</string>
			<key>lastKnownFileType</key>
			<string>image.png</string>
			<key>path</key>
			<string>20.png</string>
			<key>sourceTree</key>
			<string>&lt;group&gt;</string>
		</dict>
		<key>CE11C4C51630CC1000E19833</key>
		<dict>
			<key>isa</key>
			<string>PBXFileReference</string>
			<key>lastKnownFileType</key>
			<string>image.png</string>
			<key>path</key>
			<string>3.png</string>
			<key>sourceTree</key>
			<string>&lt;group&gt;</string>
		</dict>
		<key>CE11C4C61630CC1000E19833</key>
		<dict>
			<key>isa</key>
			<string>PBXFileReference</string>
			<key>lastKnownFileType</key>
			<string>image.png</string>
			<key>path</key>
			<string>40.png</string>
			<key>sourceTree</key>
			<string>&lt;group&gt;</string>
		</dict>
		<key>CE11C4C71630CC1000E19833</key>
		<dict>
			<key>isa</key>
			<string>PBXFileReference</string>
			<key>lastKnownFileType</key>
			<string>image.png</string>
			<key>path</key>
			<string>5.png</string>
			<key>sourceTree</key>
			<string>&lt;group&gt;</string>
		</dict>
		<key>CE11C4C81630CC1000E19833</key>
		<dict>
			<key>isa</key>
			<string>PBXFileReference</string>
			<key>lastKnownFileType</key>
			<string>image.png</string>
			<key>path</key>
			<string>8.png</string>
			<key>sourceTree</key>
			<string>&lt;group&gt;</string>
		</dict>
		<key>CE11C4C91630CC1000E19833</key>
		<dict>
			<key>isa</key>
			<string>PBXFileReference</string>
			<key>lastKnownFileType</key>
			<string>image.png</string>
			<key>path</key>
			<string>break.png</string>
			<key>sourceTree</key>
			<string>&lt;group&gt;</string>
		</dict>
		<key>CE11C4CA1630CC1000E19833</key>
		<dict>
			<key>isa</key>
			<string>PBXFileReference</string>
			<key>lastKnownFileType</key>
			<string>image.png</string>
			<key>path</key>
			<string>ic_launcher-web.png</string>
			<key>sourceTree</key>
			<string>&lt;group&gt;</string>
		</dict>
		<key>CE11C4CB1630CC1000E19833</key>
		<dict>
			<key>isa</key>
			<string>PBXFileReference</string>
			<key>lastKnownFileType</key>
			<string>image.png</string>
			<key>path</key>
			<string>infinity.png</string>
			<key>sourceTree</key>
			<string>&lt;group&gt;</string>
		</dict>
		<key>CE11C4CC1630CC1000E19833</key>
		<dict>
			<key>isa</key>
			<string>PBXFileReference</string>
			<key>lastKnownFileType</key>
			<string>image.png</string>
			<key>path</key>
			<string>unknown.png</string>
			<key>sourceTree</key>
			<string>&lt;group&gt;</string>
		</dict>
		<key>CE11C4CD1630CC1000E19833</key>
		<dict>
			<key>fileRef</key>
			<string>CE11C4BF1630CC1000E19833</string>
			<key>isa</key>
			<string>PBXBuildFile</string>
		</dict>
		<key>CE11C4CE1630CC1000E19833</key>
		<dict>
			<key>fileRef</key>
			<string>CE11C4C01630CC1000E19833</string>
			<key>isa</key>
			<string>PBXBuildFile</string>
		</dict>
		<key>CE11C4CF1630CC1000E19833</key>
		<dict>
			<key>fileRef</key>
			<string>CE11C4C11630CC1000E19833</string>
			<key>isa</key>
			<string>PBXBuildFile</string>
		</dict>
		<key>CE11C4D01630CC1000E19833</key>
		<dict>
			<key>fileRef</key>
			<string>CE11C4C21630CC1000E19833</string>
			<key>isa</key>
			<string>PBXBuildFile</string>
		</dict>
		<key>CE11C4D11630CC1000E19833</key>
		<dict>
			<key>fileRef</key>
			<string>CE11C4C31630CC1000E19833</string>
			<key>isa</key>
			<string>PBXBuildFile</string>
		</dict>
		<key>CE11C4D21630CC1000E19833</key>
		<dict>
			<key>fileRef</key>
			<string>CE11C4C41630CC1000E19833</string>
			<key>isa</key>
			<string>PBXBuildFile</string>
		</dict>
		<key>CE11C4D31630CC1000E19833</key>
		<dict>
			<key>fileRef</key>
			<string>CE11C4C51630CC1000E19833</string>
			<key>isa</key>
			<string>PBXBuildFile</string>
		</dict>
		<key>CE11C4D41630CC1000E19833</key>
		<dict>
			<key>fileRef</key>
			<string>CE11C4C61630CC1000E19833</string>
			<key>isa</key>
			<string>PBXBuildFile</string>
		</dict>
		<key>CE11C4D51630CC1000E19833</key>
		<dict>
			<key>fileRef</key>
			<string>CE11C4C71630CC1000E19833</string>
			<key>isa</key>
			<string>PBXBuildFile</string>
		</dict>
		<key>CE11C4D61630CC1000E19833</key>
		<dict>
			<key>fileRef</key>
			<string>CE11C4C81630CC1000E19833</string>
			<key>isa</key>
			<string>PBXBuildFile</string>
		</dict>
		<key>CE11C4D71630CC1000E19833</key>
		<dict>
			<key>fileRef</key>
			<string>CE11C4C91630CC1000E19833</string>
			<key>isa</key>
			<string>PBXBuildFile</string>
		</dict>
		<key>CE11C4D81630CC1000E19833</key>
		<dict>
			<key>fileRef</key>
			<string>CE11C4CA1630CC1000E19833</string>
			<key>isa</key>
			<string>PBXBuildFile</string>
		</dict>
		<key>CE11C4D91630CC1000E19833</key>
		<dict>
			<key>fileRef</key>
			<string>CE11C4CB1630CC1000E19833</string>
			<key>isa</key>
			<string>PBXBuildFile</string>
		</dict>
		<key>CE11C4DA1630CC1000E19833</key>
		<dict>
			<key>fileRef</key>
			<string>CE11C4CC1630CC1000E19833</string>
			<key>isa</key>
			<string>PBXBuildFile</string>
		</dict>
		<key>CE11C4DC1630D04400E19833</key>
		<dict>
			<key>fileEncoding</key>
			<string>4</string>
			<key>isa</key>
			<string>PBXFileReference</string>
			<key>lastKnownFileType</key>
			<string>sourcecode.c.h</string>
			<key>path</key>
			<string>CCBoardViewController.h</string>
			<key>sourceTree</key>
			<string>&lt;group&gt;</string>
		</dict>
		<key>CE11C4DD1630D04400E19833</key>
		<dict>
			<key>fileEncoding</key>
			<string>4</string>
			<key>isa</key>
			<string>PBXFileReference</string>
			<key>lastKnownFileType</key>
			<string>sourcecode.c.objc</string>
			<key>path</key>
			<string>CCBoardViewController.m</string>
			<key>sourceTree</key>
			<string>&lt;group&gt;</string>
		</dict>
		<key>CE11C4DE1630D04400E19833</key>
		<dict>
			<key>fileRef</key>
			<string>CE11C4DD1630D04400E19833</string>
			<key>isa</key>
			<string>PBXBuildFile</string>
		</dict>
		<key>CE11C4DF1630D04400E19833</key>
		<dict>
			<key>fileRef</key>
			<string>CE11C4DD1630D04400E19833</string>
			<key>isa</key>
			<string>PBXBuildFile</string>
		</dict>
		<key>CE11C4E01630D10500E19833</key>
		<dict>
			<key>fileEncoding</key>
			<string>4</string>
			<key>isa</key>
			<string>PBXFileReference</string>
			<key>lastKnownFileType</key>
			<string>sourcecode.c.objc</string>
			<key>path</key>
			<string>CCBoardViewController_hSpec.m</string>
			<key>sourceTree</key>
			<string>&lt;group&gt;</string>
		</dict>
		<key>CE11C4E11630D10500E19833</key>
		<dict>
			<key>fileRef</key>
			<string>CE11C4E01630D10500E19833</string>
			<key>isa</key>
			<string>PBXBuildFile</string>
		</dict>
		<key>E054CA93FE9A486F83139178</key>
		<dict>
			<key>includeInIndex</key>
			<string>1</string>
			<key>isa</key>
			<string>PBXFileReference</string>
			<key>lastKnownFileType</key>
			<string>text.xcconfig</string>
			<key>name</key>
			<string>Pods-test.xcconfig</string>
			<key>path</key>
			<string>Pods/Pods-test.xcconfig</string>
			<key>sourceTree</key>
			<string>SOURCE_ROOT</string>
		</dict>
		<key>FE58B806C2244DF1ADEC5F0E</key>
		<dict>
			<key>fileRef</key>
			<string>22BE22FF72C64A74B5C1E3F1</string>
			<key>isa</key>
			<string>PBXBuildFile</string>
		</dict>
	</dict>
	<key>rootObject</key>
	<string>CE11C46F1630C87F00E19833</string>
</dict>
</plist>
