// !$*UTF8*$!
{
	archiveVersion = 1;
	classes = {
	};
	objectVersion = 46;
	objects = {

/* Begin PBXBuildFile section */
		CE11C47D1630C87F00E19833 /* UIKit.framework in Frameworks */ = {isa = PBXBuildFile; fileRef = CE11C47C1630C87F00E19833 /* UIKit.framework */; };
		CE11C47F1630C87F00E19833 /* Foundation.framework in Frameworks */ = {isa = PBXBuildFile; fileRef = CE11C47E1630C87F00E19833 /* Foundation.framework */; };
		CE11C4811630C87F00E19833 /* CoreGraphics.framework in Frameworks */ = {isa = PBXBuildFile; fileRef = CE11C4801630C87F00E19833 /* CoreGraphics.framework */; };
		CE11C4871630C87F00E19833 /* InfoPlist.strings in Resources */ = {isa = PBXBuildFile; fileRef = CE11C4851630C87F00E19833 /* InfoPlist.strings */; };
		CE11C4891630C87F00E19833 /* main.m in Sources */ = {isa = PBXBuildFile; fileRef = CE11C4881630C87F00E19833 /* main.m */; };
		CE11C48D1630C87F00E19833 /* CCAppDelegate.m in Sources */ = {isa = PBXBuildFile; fileRef = CE11C48C1630C87F00E19833 /* CCAppDelegate.m */; };
		CE11C48F1630C87F00E19833 /* Default.png in Resources */ = {isa = PBXBuildFile; fileRef = CE11C48E1630C87F00E19833 /* Default.png */; };
		CE11C4911630C88000E19833 /* Default@2x.png in Resources */ = {isa = PBXBuildFile; fileRef = CE11C4901630C88000E19833 /* Default@2x.png */; };
		CE11C4931630C88000E19833 /* Default-568h@2x.png in Resources */ = {isa = PBXBuildFile; fileRef = CE11C4921630C88000E19833 /* Default-568h@2x.png */; };
		CE11C4961630C88000E19833 /* MainStoryboard.storyboard in Resources */ = {isa = PBXBuildFile; fileRef = CE11C4941630C88000E19833 /* MainStoryboard.storyboard */; };
		CE11C4A11630C88000E19833 /* SenTestingKit.framework in Frameworks */ = {isa = PBXBuildFile; fileRef = CE11C4A01630C88000E19833 /* SenTestingKit.framework */; };
		CE11C4A21630C88000E19833 /* UIKit.framework in Frameworks */ = {isa = PBXBuildFile; fileRef = CE11C47C1630C87F00E19833 /* UIKit.framework */; };
		CE11C4A31630C88000E19833 /* Foundation.framework in Frameworks */ = {isa = PBXBuildFile; fileRef = CE11C47E1630C87F00E19833 /* Foundation.framework */; };
		CE11C4AB1630C88000E19833 /* InfoPlist.strings in Resources */ = {isa = PBXBuildFile; fileRef = CE11C4A91630C88000E19833 /* InfoPlist.strings */; };
		CE11C4CD1630CC1000E19833 /* 0.png in Resources */ = {isa = PBXBuildFile; fileRef = CE11C4BF1630CC1000E19833 /* 0.png */; };
		CE11C4CE1630CC1000E19833 /* 1.png in Resources */ = {isa = PBXBuildFile; fileRef = CE11C4C01630CC1000E19833 /* 1.png */; };
		CE11C4CF1630CC1000E19833 /* 100.png in Resources */ = {isa = PBXBuildFile; fileRef = CE11C4C11630CC1000E19833 /* 100.png */; };
		CE11C4D01630CC1000E19833 /* 13.png in Resources */ = {isa = PBXBuildFile; fileRef = CE11C4C21630CC1000E19833 /* 13.png */; };
		CE11C4D11630CC1000E19833 /* 2.png in Resources */ = {isa = PBXBuildFile; fileRef = CE11C4C31630CC1000E19833 /* 2.png */; };
		CE11C4D21630CC1000E19833 /* 20.png in Resources */ = {isa = PBXBuildFile; fileRef = CE11C4C41630CC1000E19833 /* 20.png */; };
		CE11C4D31630CC1000E19833 /* 3.png in Resources */ = {isa = PBXBuildFile; fileRef = CE11C4C51630CC1000E19833 /* 3.png */; };
		CE11C4D41630CC1000E19833 /* 40.png in Resources */ = {isa = PBXBuildFile; fileRef = CE11C4C61630CC1000E19833 /* 40.png */; };
		CE11C4D51630CC1000E19833 /* 5.png in Resources */ = {isa = PBXBuildFile; fileRef = CE11C4C71630CC1000E19833 /* 5.png */; };
		CE11C4D61630CC1000E19833 /* 8.png in Resources */ = {isa = PBXBuildFile; fileRef = CE11C4C81630CC1000E19833 /* 8.png */; };
		CE11C4D71630CC1000E19833 /* break.png in Resources */ = {isa = PBXBuildFile; fileRef = CE11C4C91630CC1000E19833 /* break.png */; };
		CE11C4D81630CC1000E19833 /* ic_launcher-web.png in Resources */ = {isa = PBXBuildFile; fileRef = CE11C4CA1630CC1000E19833 /* ic_launcher-web.png */; };
		CE11C4D91630CC1000E19833 /* infinity.png in Resources */ = {isa = PBXBuildFile; fileRef = CE11C4CB1630CC1000E19833 /* infinity.png */; };
		CE11C4DA1630CC1000E19833 /* unknown.png in Resources */ = {isa = PBXBuildFile; fileRef = CE11C4CC1630CC1000E19833 /* unknown.png */; };
		CE11C4E11630D10500E19833 /* CCBoardViewController_hSpec.m in Sources */ = {isa = PBXBuildFile; fileRef = CE11C4E01630D10500E19833 /* CCBoardViewController_hSpec.m */; };
		CE816DBF164B70320040F025 /* Project.m in Sources */ = {isa = PBXBuildFile; fileRef = CE816DBE164B70320040F025 /* Project.m */; };
		CE816DC0164B70320040F025 /* Project.m in Sources */ = {isa = PBXBuildFile; fileRef = CE816DBE164B70320040F025 /* Project.m */; };
		CE816DCC164B734C0040F025 /* CCBoardViewController.m in Sources */ = {isa = PBXBuildFile; fileRef = CE816DC9164B734C0040F025 /* CCBoardViewController.m */; };
		CE816DCD164B734C0040F025 /* CCBoardViewController.m in Sources */ = {isa = PBXBuildFile; fileRef = CE816DC9164B734C0040F025 /* CCBoardViewController.m */; };
		CE816DCE164B734C0040F025 /* CCViewController.m in Sources */ = {isa = PBXBuildFile; fileRef = CE816DCB164B734C0040F025 /* CCViewController.m */; };
		CE816DCF164B734C0040F025 /* CCViewController.m in Sources */ = {isa = PBXBuildFile; fileRef = CE816DCB164B734C0040F025 /* CCViewController.m */; };
		CE816DD2164B735F0040F025 /* User.m in Sources */ = {isa = PBXBuildFile; fileRef = CE816DD1164B735F0040F025 /* User.m */; };
		CE816DD3164B735F0040F025 /* User.m in Sources */ = {isa = PBXBuildFile; fileRef = CE816DD1164B735F0040F025 /* User.m */; };
		CE816DE61653245B0040F025 /* CCCardViewController.m in Sources */ = {isa = PBXBuildFile; fileRef = CE816DE51653245B0040F025 /* CCCardViewController.m */; };
		CE816DE71653245B0040F025 /* CCCardViewController.m in Sources */ = {isa = PBXBuildFile; fileRef = CE816DE51653245B0040F025 /* CCCardViewController.m */; };
		FE58B806C2244DF1ADEC5F0E /* libPods-test.a in Frameworks */ = {isa = PBXBuildFile; fileRef = 22BE22FF72C64A74B5C1E3F1 /* libPods-test.a */; };
/* End PBXBuildFile section */

/* Begin PBXContainerItemProxy section */
		CE11C4A41630C88000E19833 /* PBXContainerItemProxy */ = {
			isa = PBXContainerItemProxy;
			containerPortal = CE11C46F1630C87F00E19833 /* Project object */;
			proxyType = 1;
			remoteGlobalIDString = CE11C4771630C87F00E19833;
			remoteInfo = TrackerPoker;
		};
/* End PBXContainerItemProxy section */

/* Begin PBXFileReference section */
		22BE22FF72C64A74B5C1E3F1 /* libPods-test.a */ = {isa = PBXFileReference; explicitFileType = archive.ar; includeInIndex = 0; path = "libPods-test.a"; sourceTree = BUILT_PRODUCTS_DIR; };
		CE11C4781630C87F00E19833 /* TrackerPoker.app */ = {isa = PBXFileReference; explicitFileType = wrapper.application; includeInIndex = 0; path = TrackerPoker.app; sourceTree = BUILT_PRODUCTS_DIR; };
		CE11C47C1630C87F00E19833 /* UIKit.framework */ = {isa = PBXFileReference; includeInIndex = 1; lastKnownFileType = wrapper.framework; name = UIKit.framework; path = System/Library/Frameworks/UIKit.framework; sourceTree = SDKROOT; };
		CE11C47E1630C87F00E19833 /* Foundation.framework */ = {isa = PBXFileReference; includeInIndex = 1; lastKnownFileType = wrapper.framework; name = Foundation.framework; path = System/Library/Frameworks/Foundation.framework; sourceTree = SDKROOT; };
		CE11C4801630C87F00E19833 /* CoreGraphics.framework */ = {isa = PBXFileReference; lastKnownFileType = wrapper.framework; name = CoreGraphics.framework; path = System/Library/Frameworks/CoreGraphics.framework; sourceTree = SDKROOT; };
		CE11C4841630C87F00E19833 /* TrackerPoker-Info.plist */ = {isa = PBXFileReference; lastKnownFileType = text.plist.xml; path = "TrackerPoker-Info.plist"; sourceTree = "<group>"; };
		CE11C4861630C87F00E19833 /* en */ = {isa = PBXFileReference; lastKnownFileType = text.plist.strings; name = en; path = en.lproj/InfoPlist.strings; sourceTree = "<group>"; };
		CE11C4881630C87F00E19833 /* main.m */ = {isa = PBXFileReference; lastKnownFileType = sourcecode.c.objc; path = main.m; sourceTree = "<group>"; };
		CE11C48A1630C87F00E19833 /* TrackerPoker-Prefix.pch */ = {isa = PBXFileReference; lastKnownFileType = sourcecode.c.h; path = "TrackerPoker-Prefix.pch"; sourceTree = "<group>"; };
		CE11C48B1630C87F00E19833 /* CCAppDelegate.h */ = {isa = PBXFileReference; lastKnownFileType = sourcecode.c.h; path = CCAppDelegate.h; sourceTree = "<group>"; };
		CE11C48C1630C87F00E19833 /* CCAppDelegate.m */ = {isa = PBXFileReference; lastKnownFileType = sourcecode.c.objc; path = CCAppDelegate.m; sourceTree = "<group>"; };
		CE11C48E1630C87F00E19833 /* Default.png */ = {isa = PBXFileReference; lastKnownFileType = image.png; path = Default.png; sourceTree = "<group>"; };
		CE11C4901630C88000E19833 /* Default@2x.png */ = {isa = PBXFileReference; lastKnownFileType = image.png; path = "Default@2x.png"; sourceTree = "<group>"; };
		CE11C4921630C88000E19833 /* Default-568h@2x.png */ = {isa = PBXFileReference; lastKnownFileType = image.png; path = "Default-568h@2x.png"; sourceTree = "<group>"; };
		CE11C4951630C88000E19833 /* en */ = {isa = PBXFileReference; lastKnownFileType = file.storyboard; name = en; path = en.lproj/MainStoryboard.storyboard; sourceTree = "<group>"; };
		CE11C49F1630C88000E19833 /* TrackerPokerTests.octest */ = {isa = PBXFileReference; explicitFileType = wrapper.cfbundle; includeInIndex = 0; path = TrackerPokerTests.octest; sourceTree = BUILT_PRODUCTS_DIR; };
		CE11C4A01630C88000E19833 /* SenTestingKit.framework */ = {isa = PBXFileReference; includeInIndex = 1; lastKnownFileType = wrapper.framework; name = SenTestingKit.framework; path = Library/Frameworks/SenTestingKit.framework; sourceTree = DEVELOPER_DIR; };
		CE11C4A81630C88000E19833 /* TrackerPokerTests-Info.plist */ = {isa = PBXFileReference; lastKnownFileType = text.plist.xml; path = "TrackerPokerTests-Info.plist"; sourceTree = "<group>"; };
		CE11C4AA1630C88000E19833 /* en */ = {isa = PBXFileReference; lastKnownFileType = text.plist.strings; name = en; path = en.lproj/InfoPlist.strings; sourceTree = "<group>"; };
		CE11C4BF1630CC1000E19833 /* 0.png */ = {isa = PBXFileReference; lastKnownFileType = image.png; path = 0.png; sourceTree = "<group>"; };
		CE11C4C01630CC1000E19833 /* 1.png */ = {isa = PBXFileReference; lastKnownFileType = image.png; path = 1.png; sourceTree = "<group>"; };
		CE11C4C11630CC1000E19833 /* 100.png */ = {isa = PBXFileReference; lastKnownFileType = image.png; path = 100.png; sourceTree = "<group>"; };
		CE11C4C21630CC1000E19833 /* 13.png */ = {isa = PBXFileReference; lastKnownFileType = image.png; path = 13.png; sourceTree = "<group>"; };
		CE11C4C31630CC1000E19833 /* 2.png */ = {isa = PBXFileReference; lastKnownFileType = image.png; path = 2.png; sourceTree = "<group>"; };
		CE11C4C41630CC1000E19833 /* 20.png */ = {isa = PBXFileReference; lastKnownFileType = image.png; path = 20.png; sourceTree = "<group>"; };
		CE11C4C51630CC1000E19833 /* 3.png */ = {isa = PBXFileReference; lastKnownFileType = image.png; path = 3.png; sourceTree = "<group>"; };
		CE11C4C61630CC1000E19833 /* 40.png */ = {isa = PBXFileReference; lastKnownFileType = image.png; path = 40.png; sourceTree = "<group>"; };
		CE11C4C71630CC1000E19833 /* 5.png */ = {isa = PBXFileReference; lastKnownFileType = image.png; path = 5.png; sourceTree = "<group>"; };
		CE11C4C81630CC1000E19833 /* 8.png */ = {isa = PBXFileReference; lastKnownFileType = image.png; path = 8.png; sourceTree = "<group>"; };
		CE11C4C91630CC1000E19833 /* break.png */ = {isa = PBXFileReference; lastKnownFileType = image.png; path = break.png; sourceTree = "<group>"; };
		CE11C4CA1630CC1000E19833 /* ic_launcher-web.png */ = {isa = PBXFileReference; lastKnownFileType = image.png; path = "ic_launcher-web.png"; sourceTree = "<group>"; };
		CE11C4CB1630CC1000E19833 /* infinity.png */ = {isa = PBXFileReference; lastKnownFileType = image.png; path = infinity.png; sourceTree = "<group>"; };
		CE11C4CC1630CC1000E19833 /* unknown.png */ = {isa = PBXFileReference; lastKnownFileType = image.png; path = unknown.png; sourceTree = "<group>"; };
		CE11C4E01630D10500E19833 /* CCBoardViewController_hSpec.m */ = {isa = PBXFileReference; fileEncoding = 4; lastKnownFileType = sourcecode.c.objc; path = CCBoardViewController_hSpec.m; sourceTree = "<group>"; };
		CE816DBD164B70320040F025 /* Project.h */ = {isa = PBXFileReference; fileEncoding = 4; lastKnownFileType = sourcecode.c.h; name = Project.h; path = models/Project.h; sourceTree = "<group>"; };
		CE816DBE164B70320040F025 /* Project.m */ = {isa = PBXFileReference; fileEncoding = 4; lastKnownFileType = sourcecode.c.objc; name = Project.m; path = models/Project.m; sourceTree = "<group>"; };
		CE816DC8164B734C0040F025 /* CCBoardViewController.h */ = {isa = PBXFileReference; fileEncoding = 4; lastKnownFileType = sourcecode.c.h; path = CCBoardViewController.h; sourceTree = "<group>"; };
		CE816DC9164B734C0040F025 /* CCBoardViewController.m */ = {isa = PBXFileReference; fileEncoding = 4; lastKnownFileType = sourcecode.c.objc; path = CCBoardViewController.m; sourceTree = "<group>"; };
		CE816DCA164B734C0040F025 /* CCViewController.h */ = {isa = PBXFileReference; fileEncoding = 4; lastKnownFileType = sourcecode.c.h; path = CCViewController.h; sourceTree = "<group>"; };
		CE816DCB164B734C0040F025 /* CCViewController.m */ = {isa = PBXFileReference; fileEncoding = 4; lastKnownFileType = sourcecode.c.objc; path = CCViewController.m; sourceTree = "<group>"; };
		CE816DD0164B735F0040F025 /* User.h */ = {isa = PBXFileReference; fileEncoding = 4; lastKnownFileType = sourcecode.c.h; name = User.h; path = models/User.h; sourceTree = "<group>"; };
		CE816DD1164B735F0040F025 /* User.m */ = {isa = PBXFileReference; fileEncoding = 4; lastKnownFileType = sourcecode.c.objc; name = User.m; path = models/User.m; sourceTree = "<group>"; };
		CE816DE41653245B0040F025 /* CCCardViewController.h */ = {isa = PBXFileReference; fileEncoding = 4; lastKnownFileType = sourcecode.c.h; path = CCCardViewController.h; sourceTree = "<group>"; };
		CE816DE51653245B0040F025 /* CCCardViewController.m */ = {isa = PBXFileReference; fileEncoding = 4; lastKnownFileType = sourcecode.c.objc; path = CCCardViewController.m; sourceTree = "<group>"; };
		E054CA93FE9A486F83139178 /* Pods-test.xcconfig */ = {isa = PBXFileReference; includeInIndex = 1; lastKnownFileType = text.xcconfig; name = "Pods-test.xcconfig"; path = "Pods/Pods-test.xcconfig"; sourceTree = SOURCE_ROOT; };
/* End PBXFileReference section */

/* Begin PBXFrameworksBuildPhase section */
		CE11C4751630C87F00E19833 /* Frameworks */ = {
			isa = PBXFrameworksBuildPhase;
			buildActionMask = 2147483647;
			files = (
				CE11C47D1630C87F00E19833 /* UIKit.framework in Frameworks */,
				CE11C47F1630C87F00E19833 /* Foundation.framework in Frameworks */,
				CE11C4811630C87F00E19833 /* CoreGraphics.framework in Frameworks */,
			);
			runOnlyForDeploymentPostprocessing = 0;
		};
		CE11C49B1630C88000E19833 /* Frameworks */ = {
			isa = PBXFrameworksBuildPhase;
			buildActionMask = 2147483647;
			files = (
				CE11C4A11630C88000E19833 /* SenTestingKit.framework in Frameworks */,
				CE11C4A21630C88000E19833 /* UIKit.framework in Frameworks */,
				CE11C4A31630C88000E19833 /* Foundation.framework in Frameworks */,
				FE58B806C2244DF1ADEC5F0E /* libPods-test.a in Frameworks */,
			);
			runOnlyForDeploymentPostprocessing = 0;
		};
/* End PBXFrameworksBuildPhase section */

/* Begin PBXGroup section */
		CE11C46D1630C87F00E19833 = {
			isa = PBXGroup;
			children = (
				CE11C4BE1630CC1000E19833 /* Resources */,
				CE11C4821630C87F00E19833 /* TrackerPoker */,
				CE11C4A61630C88000E19833 /* TrackerPokerTests */,
				CE11C47B1630C87F00E19833 /* Frameworks */,
				CE11C4791630C87F00E19833 /* Products */,
				E054CA93FE9A486F83139178 /* Pods-test.xcconfig */,
			);
			sourceTree = "<group>";
		};
		CE11C4791630C87F00E19833 /* Products */ = {
			isa = PBXGroup;
			children = (
				CE11C4781630C87F00E19833 /* TrackerPoker.app */,
				CE11C49F1630C88000E19833 /* TrackerPokerTests.octest */,
			);
			name = Products;
			sourceTree = "<group>";
		};
		CE11C47B1630C87F00E19833 /* Frameworks */ = {
			isa = PBXGroup;
			children = (
				CE11C47C1630C87F00E19833 /* UIKit.framework */,
				CE11C47E1630C87F00E19833 /* Foundation.framework */,
				CE11C4801630C87F00E19833 /* CoreGraphics.framework */,
				CE11C4A01630C88000E19833 /* SenTestingKit.framework */,
				22BE22FF72C64A74B5C1E3F1 /* libPods-test.a */,
			);
			name = Frameworks;
			sourceTree = "<group>";
		};
		CE11C4821630C87F00E19833 /* TrackerPoker */ = {
			isa = PBXGroup;
			children = (
				CE816DC7164B734C0040F025 /* controllers */,
				CE816DC2164B70370040F025 /* models */,
				CE11C48B1630C87F00E19833 /* CCAppDelegate.h */,
				CE11C48C1630C87F00E19833 /* CCAppDelegate.m */,
				CE11C4941630C88000E19833 /* MainStoryboard.storyboard */,
				CE11C4831630C87F00E19833 /* Supporting Files */,
			);
			path = TrackerPoker;
			sourceTree = "<group>";
		};
		CE11C4831630C87F00E19833 /* Supporting Files */ = {
			isa = PBXGroup;
			children = (
				CE11C4841630C87F00E19833 /* TrackerPoker-Info.plist */,
				CE11C4851630C87F00E19833 /* InfoPlist.strings */,
				CE11C4881630C87F00E19833 /* main.m */,
				CE11C48A1630C87F00E19833 /* TrackerPoker-Prefix.pch */,
				CE11C48E1630C87F00E19833 /* Default.png */,
				CE11C4901630C88000E19833 /* Default@2x.png */,
				CE11C4921630C88000E19833 /* Default-568h@2x.png */,
			);
			name = "Supporting Files";
			sourceTree = "<group>";
		};
		CE11C4A61630C88000E19833 /* TrackerPokerTests */ = {
			isa = PBXGroup;
			children = (
				CE11C4A71630C88000E19833 /* Supporting Files */,
				CE11C4E01630D10500E19833 /* CCBoardViewController_hSpec.m */,
			);
			path = TrackerPokerTests;
			sourceTree = "<group>";
		};
		CE11C4A71630C88000E19833 /* Supporting Files */ = {
			isa = PBXGroup;
			children = (
				CE11C4A81630C88000E19833 /* TrackerPokerTests-Info.plist */,
				CE11C4A91630C88000E19833 /* InfoPlist.strings */,
			);
			name = "Supporting Files";
			sourceTree = "<group>";
		};
		CE11C4BE1630CC1000E19833 /* Resources */ = {
			isa = PBXGroup;
			children = (
				CE11C4BF1630CC1000E19833 /* 0.png */,
				CE11C4C01630CC1000E19833 /* 1.png */,
				CE11C4C11630CC1000E19833 /* 100.png */,
				CE11C4C21630CC1000E19833 /* 13.png */,
				CE11C4C31630CC1000E19833 /* 2.png */,
				CE11C4C41630CC1000E19833 /* 20.png */,
				CE11C4C51630CC1000E19833 /* 3.png */,
				CE11C4C61630CC1000E19833 /* 40.png */,
				CE11C4C71630CC1000E19833 /* 5.png */,
				CE11C4C81630CC1000E19833 /* 8.png */,
				CE11C4C91630CC1000E19833 /* break.png */,
				CE11C4CA1630CC1000E19833 /* ic_launcher-web.png */,
				CE11C4CB1630CC1000E19833 /* infinity.png */,
				CE11C4CC1630CC1000E19833 /* unknown.png */,
			);
			path = Resources;
			sourceTree = "<group>";
		};
		CE816DC2164B70370040F025 /* models */ = {
			isa = PBXGroup;
			children = (
				CE816DD0164B735F0040F025 /* User.h */,
				CE816DD1164B735F0040F025 /* User.m */,
				CE816DBD164B70320040F025 /* Project.h */,
				CE816DBE164B70320040F025 /* Project.m */,
			);
			name = models;
			sourceTree = "<group>";
		};
		CE816DC7164B734C0040F025 /* controllers */ = {
			isa = PBXGroup;
			children = (
				CE816DC8164B734C0040F025 /* CCBoardViewController.h */,
				CE816DC9164B734C0040F025 /* CCBoardViewController.m */,
				CE816DCA164B734C0040F025 /* CCViewController.h */,
				CE816DCB164B734C0040F025 /* CCViewController.m */,
				CE816DE41653245B0040F025 /* CCCardViewController.h */,
				CE816DE51653245B0040F025 /* CCCardViewController.m */,
			);
			path = controllers;
			sourceTree = "<group>";
		};
/* End PBXGroup section */

/* Begin PBXNativeTarget section */
		CE11C4771630C87F00E19833 /* TrackerPoker */ = {
			isa = PBXNativeTarget;
			buildConfigurationList = CE11C4B11630C88000E19833 /* Build configuration list for PBXNativeTarget "TrackerPoker" */;
			buildPhases = (
				CE11C4741630C87F00E19833 /* Sources */,
				CE11C4751630C87F00E19833 /* Frameworks */,
				CE11C4761630C87F00E19833 /* Resources */,
			);
			buildRules = (
			);
			dependencies = (
			);
			name = TrackerPoker;
			productName = TrackerPoker;
			productReference = CE11C4781630C87F00E19833 /* TrackerPoker.app */;
			productType = "com.apple.product-type.application";
		};
		CE11C49E1630C88000E19833 /* TrackerPokerTests */ = {
			isa = PBXNativeTarget;
			buildConfigurationList = CE11C4B41630C88000E19833 /* Build configuration list for PBXNativeTarget "TrackerPokerTests" */;
			buildPhases = (
				CE11C49A1630C88000E19833 /* Sources */,
				CE11C49B1630C88000E19833 /* Frameworks */,
				CE11C49C1630C88000E19833 /* Resources */,
				CE11C49D1630C88000E19833 /* ShellScript */,
				C7F3D3E6FF364F5680650E8D /* Copy Pods Resources */,
			);
			buildRules = (
			);
			dependencies = (
				CE11C4A51630C88000E19833 /* PBXTargetDependency */,
			);
			name = TrackerPokerTests;
			productName = TrackerPokerTests;
			productReference = CE11C49F1630C88000E19833 /* TrackerPokerTests.octest */;
			productType = "com.apple.product-type.bundle";
		};
/* End PBXNativeTarget section */

/* Begin PBXProject section */
		CE11C46F1630C87F00E19833 /* Project object */ = {
			isa = PBXProject;
			attributes = {
				CLASSPREFIX = CC;
				LastUpgradeCheck = 0450;
				ORGANIZATIONNAME = "Cajun Code";
			};
			buildConfigurationList = CE11C4721630C87F00E19833 /* Build configuration list for PBXProject "TrackerPoker" */;
			compatibilityVersion = "Xcode 3.2";
			developmentRegion = English;
			hasScannedForEncodings = 0;
			knownRegions = (
				en,
			);
			mainGroup = CE11C46D1630C87F00E19833;
			productRefGroup = CE11C4791630C87F00E19833 /* Products */;
			projectDirPath = "";
			projectRoot = "";
			targets = (
				CE11C4771630C87F00E19833 /* TrackerPoker */,
				CE11C49E1630C88000E19833 /* TrackerPokerTests */,
			);
		};
/* End PBXProject section */

/* Begin PBXResourcesBuildPhase section */
		CE11C4761630C87F00E19833 /* Resources */ = {
			isa = PBXResourcesBuildPhase;
			buildActionMask = 2147483647;
			files = (
				CE11C4871630C87F00E19833 /* InfoPlist.strings in Resources */,
				CE11C48F1630C87F00E19833 /* Default.png in Resources */,
				CE11C4911630C88000E19833 /* Default@2x.png in Resources */,
				CE11C4931630C88000E19833 /* Default-568h@2x.png in Resources */,
				CE11C4961630C88000E19833 /* MainStoryboard.storyboard in Resources */,
				CE11C4CD1630CC1000E19833 /* 0.png in Resources */,
				CE11C4CE1630CC1000E19833 /* 1.png in Resources */,
				CE11C4CF1630CC1000E19833 /* 100.png in Resources */,
				CE11C4D01630CC1000E19833 /* 13.png in Resources */,
				CE11C4D11630CC1000E19833 /* 2.png in Resources */,
				CE11C4D21630CC1000E19833 /* 20.png in Resources */,
				CE11C4D31630CC1000E19833 /* 3.png in Resources */,
				CE11C4D41630CC1000E19833 /* 40.png in Resources */,
				CE11C4D51630CC1000E19833 /* 5.png in Resources */,
				CE11C4D61630CC1000E19833 /* 8.png in Resources */,
				CE11C4D71630CC1000E19833 /* break.png in Resources */,
				CE11C4D81630CC1000E19833 /* ic_launcher-web.png in Resources */,
				CE11C4D91630CC1000E19833 /* infinity.png in Resources */,
				CE11C4DA1630CC1000E19833 /* unknown.png in Resources */,
			);
			runOnlyForDeploymentPostprocessing = 0;
		};
		CE11C49C1630C88000E19833 /* Resources */ = {
			isa = PBXResourcesBuildPhase;
			buildActionMask = 2147483647;
			files = (
				CE11C4AB1630C88000E19833 /* InfoPlist.strings in Resources */,
			);
			runOnlyForDeploymentPostprocessing = 0;
		};
/* End PBXResourcesBuildPhase section */

/* Begin PBXShellScriptBuildPhase section */
		C7F3D3E6FF364F5680650E8D /* Copy Pods Resources */ = {
			isa = PBXShellScriptBuildPhase;
			buildActionMask = 2147483647;
			files = (
			);
			inputPaths = (
			);
			name = "Copy Pods Resources";
			outputPaths = (
			);
			runOnlyForDeploymentPostprocessing = 0;
			shellPath = /bin/sh;
			shellScript = "\"${SRCROOT}/Pods/Pods-test-resources.sh\"\n";
		};
		CE11C49D1630C88000E19833 /* ShellScript */ = {
			isa = PBXShellScriptBuildPhase;
			buildActionMask = 2147483647;
			files = (
			);
			inputPaths = (
			);
			outputPaths = (
			);
			runOnlyForDeploymentPostprocessing = 0;
			shellPath = /bin/sh;
			shellScript = "# Run the unit tests in this test bundle.\n\"${SYSTEM_DEVELOPER_DIR}/Tools/RunUnitTests\"\n";
		};
/* End PBXShellScriptBuildPhase section */

/* Begin PBXSourcesBuildPhase section */
		CE11C4741630C87F00E19833 /* Sources */ = {
			isa = PBXSourcesBuildPhase;
			buildActionMask = 2147483647;
			files = (
				CE11C4891630C87F00E19833 /* main.m in Sources */,
				CE11C48D1630C87F00E19833 /* CCAppDelegate.m in Sources */,
				CE816DBF164B70320040F025 /* Project.m in Sources */,
				CE816DCC164B734C0040F025 /* CCBoardViewController.m in Sources */,
				CE816DCE164B734C0040F025 /* CCViewController.m in Sources */,
				CE816DD2164B735F0040F025 /* User.m in Sources */,
				CE816DE61653245B0040F025 /* CCCardViewController.m in Sources */,
			);
			runOnlyForDeploymentPostprocessing = 0;
		};
		CE11C49A1630C88000E19833 /* Sources */ = {
			isa = PBXSourcesBuildPhase;
			buildActionMask = 2147483647;
			files = (
				CE11C4E11630D10500E19833 /* CCBoardViewController_hSpec.m in Sources */,
				CE816DC0164B70320040F025 /* Project.m in Sources */,
				CE816DCD164B734C0040F025 /* CCBoardViewController.m in Sources */,
				CE816DCF164B734C0040F025 /* CCViewController.m in Sources */,
				CE816DD3164B735F0040F025 /* User.m in Sources */,
				CE816DE71653245B0040F025 /* CCCardViewController.m in Sources */,
			);
			runOnlyForDeploymentPostprocessing = 0;
		};
/* End PBXSourcesBuildPhase section */

/* Begin PBXTargetDependency section */
		CE11C4A51630C88000E19833 /* PBXTargetDependency */ = {
			isa = PBXTargetDependency;
			target = CE11C4771630C87F00E19833 /* TrackerPoker */;
			targetProxy = CE11C4A41630C88000E19833 /* PBXContainerItemProxy */;
		};
/* End PBXTargetDependency section */

/* Begin PBXVariantGroup section */
		CE11C4851630C87F00E19833 /* InfoPlist.strings */ = {
			isa = PBXVariantGroup;
			children = (
				CE11C4861630C87F00E19833 /* en */,
			);
			name = InfoPlist.strings;
			sourceTree = "<group>";
		};
		CE11C4941630C88000E19833 /* MainStoryboard.storyboard */ = {
			isa = PBXVariantGroup;
			children = (
				CE11C4951630C88000E19833 /* en */,
			);
			name = MainStoryboard.storyboard;
			sourceTree = "<group>";
		};
		CE11C4A91630C88000E19833 /* InfoPlist.strings */ = {
			isa = PBXVariantGroup;
			children = (
				CE11C4AA1630C88000E19833 /* en */,
			);
			name = InfoPlist.strings;
			sourceTree = "<group>";
		};
/* End PBXVariantGroup section */

/* Begin XCBuildConfiguration section */
		CE11C4AF1630C88000E19833 /* Debug */ = {
			isa = XCBuildConfiguration;
			buildSettings = {
				ALWAYS_SEARCH_USER_PATHS = NO;
				CLANG_CXX_LANGUAGE_STANDARD = "gnu++0x";
				CLANG_CXX_LIBRARY = "libc++";
				CLANG_ENABLE_OBJC_ARC = YES;
				CLANG_WARN_EMPTY_BODY = YES;
				CLANG_WARN__DUPLICATE_METHOD_MATCH = YES;
				"CODE_SIGN_IDENTITY[sdk=iphoneos*]" = "iPhone Developer";
				COPY_PHASE_STRIP = NO;
				GCC_C_LANGUAGE_STANDARD = gnu99;
				GCC_DYNAMIC_NO_PIC = NO;
				GCC_OPTIMIZATION_LEVEL = 0;
				GCC_PREPROCESSOR_DEFINITIONS = (
					"DEBUG=1",
					"$(inherited)",
				);
				GCC_SYMBOLS_PRIVATE_EXTERN = NO;
				GCC_WARN_ABOUT_RETURN_TYPE = YES;
				GCC_WARN_UNINITIALIZED_AUTOS = YES;
				GCC_WARN_UNUSED_VARIABLE = YES;
				IPHONEOS_DEPLOYMENT_TARGET = 6.0;
				SDKROOT = iphoneos;
			};
			name = Debug;
		};
		CE11C4B01630C88000E19833 /* Release */ = {
			isa = XCBuildConfiguration;
			buildSettings = {
				ALWAYS_SEARCH_USER_PATHS = NO;
				CLANG_CXX_LANGUAGE_STANDARD = "gnu++0x";
				CLANG_CXX_LIBRARY = "libc++";
				CLANG_ENABLE_OBJC_ARC = YES;
				CLANG_WARN_EMPTY_BODY = YES;
				CLANG_WARN__DUPLICATE_METHOD_MATCH = YES;
				"CODE_SIGN_IDENTITY[sdk=iphoneos*]" = "iPhone Developer";
				COPY_PHASE_STRIP = YES;
				GCC_C_LANGUAGE_STANDARD = gnu99;
				GCC_WARN_ABOUT_RETURN_TYPE = YES;
				GCC_WARN_UNINITIALIZED_AUTOS = YES;
				GCC_WARN_UNUSED_VARIABLE = YES;
				IPHONEOS_DEPLOYMENT_TARGET = 6.0;
				OTHER_CFLAGS = "-DNS_BLOCK_ASSERTIONS=1";
				SDKROOT = iphoneos;
				VALIDATE_PRODUCT = YES;
			};
			name = Release;
		};
		CE11C4B21630C88000E19833 /* Debug */ = {
			isa = XCBuildConfiguration;
			buildSettings = {
				GCC_PRECOMPILE_PREFIX_HEADER = YES;
				GCC_PREFIX_HEADER = "TrackerPoker/TrackerPoker-Prefix.pch";
				INFOPLIST_FILE = "TrackerPoker/TrackerPoker-Info.plist";
				PRODUCT_NAME = "$(TARGET_NAME)";
				WRAPPER_EXTENSION = app;
			};
			name = Debug;
		};
		CE11C4B31630C88000E19833 /* Release */ = {
			isa = XCBuildConfiguration;
			buildSettings = {
				GCC_PRECOMPILE_PREFIX_HEADER = YES;
				GCC_PREFIX_HEADER = "TrackerPoker/TrackerPoker-Prefix.pch";
				INFOPLIST_FILE = "TrackerPoker/TrackerPoker-Info.plist";
				PRODUCT_NAME = "$(TARGET_NAME)";
				WRAPPER_EXTENSION = app;
			};
			name = Release;
		};
		CE11C4B51630C88000E19833 /* Debug */ = {
			isa = XCBuildConfiguration;
			baseConfigurationReference = E054CA93FE9A486F83139178 /* Pods-test.xcconfig */;
			buildSettings = {
				BUNDLE_LOADER = "$(BUILT_PRODUCTS_DIR)/TrackerPoker.app/TrackerPoker";
				FRAMEWORK_SEARCH_PATHS = (
					"$(inherited)",
					"\"$(SDKROOT)/Developer/Library/Frameworks\"",
					"\"$(DEVELOPER_LIBRARY_DIR)/Frameworks\"",
				);
				GCC_PRECOMPILE_PREFIX_HEADER = YES;
				GCC_PREFIX_HEADER = "TrackerPoker/TrackerPoker-Prefix.pch";
				INFOPLIST_FILE = "TrackerPokerTests/TrackerPokerTests-Info.plist";
				PRODUCT_NAME = "$(TARGET_NAME)";
				TEST_HOST = "$(BUNDLE_LOADER)";
				WRAPPER_EXTENSION = octest;
			};
			name = Debug;
		};
		CE11C4B61630C88000E19833 /* Release */ = {
			isa = XCBuildConfiguration;
			baseConfigurationReference = E054CA93FE9A486F83139178 /* Pods-test.xcconfig */;
			buildSettings = {
				BUNDLE_LOADER = "$(BUILT_PRODUCTS_DIR)/TrackerPoker.app/TrackerPoker";
				FRAMEWORK_SEARCH_PATHS = (
					"$(inherited)",
					"\"$(SDKROOT)/Developer/Library/Frameworks\"",
					"\"$(DEVELOPER_LIBRARY_DIR)/Frameworks\"",
				);
				GCC_PRECOMPILE_PREFIX_HEADER = YES;
				GCC_PREFIX_HEADER = "TrackerPoker/TrackerPoker-Prefix.pch";
				INFOPLIST_FILE = "TrackerPokerTests/TrackerPokerTests-Info.plist";
				PRODUCT_NAME = "$(TARGET_NAME)";
				TEST_HOST = "$(BUNDLE_LOADER)";
				WRAPPER_EXTENSION = octest;
			};
			name = Release;
		};
/* End XCBuildConfiguration section */

/* Begin XCConfigurationList section */
		CE11C4721630C87F00E19833 /* Build configuration list for PBXProject "TrackerPoker" */ = {
			isa = XCConfigurationList;
			buildConfigurations = (
				CE11C4AF1630C88000E19833 /* Debug */,
				CE11C4B01630C88000E19833 /* Release */,
			);
			defaultConfigurationIsVisible = 0;
			defaultConfigurationName = Release;
		};
		CE11C4B11630C88000E19833 /* Build configuration list for PBXNativeTarget "TrackerPoker" */ = {
			isa = XCConfigurationList;
			buildConfigurations = (
				CE11C4B21630C88000E19833 /* Debug */,
				CE11C4B31630C88000E19833 /* Release */,
			);
			defaultConfigurationIsVisible = 0;
			defaultConfigurationName = Release;
		};
		CE11C4B41630C88000E19833 /* Build configuration list for PBXNativeTarget "TrackerPokerTests" */ = {
			isa = XCConfigurationList;
			buildConfigurations = (
				CE11C4B51630C88000E19833 /* Debug */,
				CE11C4B61630C88000E19833 /* Release */,
			);
			defaultConfigurationIsVisible = 0;
			defaultConfigurationName = Release;
		};
/* End XCConfigurationList section */
	};
	rootObject = CE11C46F1630C87F00E19833 /* Project object */;
}
